
Microsoft Visual Studio Solution File, Format Version 12.00
# Visual Studio Version 16
VisualStudioVersion = 16.0.31702.278
MinimumVisualStudioVersion = 10.0.40219.1
Project("{FAE04EC0-301F-11D3-BF4B-00C04F79EFBC}") = "Graphs", "Graphs\Graphs.csproj", "{5130900F-DCCE-4A4B-BB80-06986967A06A}"
EndProject
Global
	GlobalSection(SolutionConfigurationPlatforms) = preSolution
		Debug|Any CPU = Debug|Any CPU
		Release|Any CPU = Release|Any CPU
	EndGlobalSection
	GlobalSection(ProjectConfigurationPlatforms) = postSolution
		{5130900F-DCCE-4A4B-BB80-06986967A06A}.Debug|Any CPU.ActiveCfg = Debug|Any CPU
		{5130900F-DCCE-4A4B-BB80-06986967A06A}.Debug|Any CPU.Build.0 = Debug|Any CPU
		{5130900F-DCCE-4A4B-BB80-06986967A06A}.Release|Any CPU.ActiveCfg = Release|Any CPU
		{5130900F-DCCE-4A4B-BB80-06986967A06A}.Release|Any CPU.Build.0 = Release|Any CPU
	EndGlobalSection
	GlobalSection(SolutionProperties) = preSolution
		HideSolutionNode = FALSE
	EndGlobalSection
	GlobalSection(ExtensibilityGlobals) = postSolution
		SolutionGuid = {ACE1A842-A4F5-48EC-A169-75382241B17F}
	EndGlobalSection
EndGlobal
